
Microsoft Visual Studio Solution File, Format Version 12.00
# Visual Studio Version 17
VisualStudioVersion = 17.3.32929.385
MinimumVisualStudioVersion = 10.0.40219.1
Project("{FAE04EC0-301F-11D3-BF4B-00C04F79EFBC}") = "Clock", "Clock.csproj", "{50D1D8C5-5027-4A16-B2B8-9A42C9C41072}"
EndProject
Global
	GlobalSection(SolutionConfigurationPlatforms) = preSolution
		Debug|Any CPU = Debug|Any CPU
		Release|Any CPU = Release|Any CPU
	EndGlobalSection
	GlobalSection(ProjectConfigurationPlatforms) = postSolution
		{50D1D8C5-5027-4A16-B2B8-9A42C9C41072}.Debug|Any CPU.ActiveCfg = Debug|Any CPU
		{50D1D8C5-5027-4A16-B2B8-9A42C9C41072}.Debug|Any CPU.Build.0 = Debug|Any CPU
		{50D1D8C5-5027-4A16-B2B8-9A42C9C41072}.Release|Any CPU.ActiveCfg = Release|Any CPU
		{50D1D8C5-5027-4A16-B2B8-9A42C9C41072}.Release|Any CPU.Build.0 = Release|Any CPU
	EndGlobalSection
	GlobalSection(SolutionProperties) = preSolution
		HideSolutionNode = FALSE
	EndGlobalSection
	GlobalSection(ExtensibilityGlobals) = postSolution
		SolutionGuid = {4C4FB997-A69F-4833-8EC0-47DC5B395CA9}
	EndGlobalSection
EndGlobal
